
Microsoft Visual Studio Solution File, Format Version 12.00
# Visual Studio Version 17
VisualStudioVersion = 17.9.34622.214
MinimumVisualStudioVersion = 10.0.40219.1
Project("{FAE04EC0-301F-11D3-BF4B-00C04F79EFBC}") = "DAL", "DAL\DAL.csproj", "{8D801770-39F0-472D-B631-140A9DACB0DF}"
EndProject
Project("{FAE04EC0-301F-11D3-BF4B-00C04F79EFBC}") = "BUS", "BUS\BUS.csproj", "{891A6BFC-259F-4FF4-85BC-5EBF264CC38C}"
EndProject
Project("{FAE04EC0-301F-11D3-BF4B-00C04F79EFBC}") = "PRL", "PRL\PRL.csproj", "{A76B1487-95CA-4DCD-94CA-7707BC560F0B}"
EndProject
Global
	GlobalSection(SolutionConfigurationPlatforms) = preSolution
		Debug|Any CPU = Debug|Any CPU
		Release|Any CPU = Release|Any CPU
	EndGlobalSection
	GlobalSection(ProjectConfigurationPlatforms) = postSolution
		{8D801770-39F0-472D-B631-140A9DACB0DF}.Debug|Any CPU.ActiveCfg = Debug|Any CPU
		{8D801770-39F0-472D-B631-140A9DACB0DF}.Debug|Any CPU.Build.0 = Debug|Any CPU
		{8D801770-39F0-472D-B631-140A9DACB0DF}.Release|Any CPU.ActiveCfg = Release|Any CPU
		{8D801770-39F0-472D-B631-140A9DACB0DF}.Release|Any CPU.Build.0 = Release|Any CPU
		{891A6BFC-259F-4FF4-85BC-5EBF264CC38C}.Debug|Any CPU.ActiveCfg = Debug|Any CPU
		{891A6BFC-259F-4FF4-85BC-5EBF264CC38C}.Debug|Any CPU.Build.0 = Debug|Any CPU
		{891A6BFC-259F-4FF4-85BC-5EBF264CC38C}.Release|Any CPU.ActiveCfg = Release|Any CPU
		{891A6BFC-259F-4FF4-85BC-5EBF264CC38C}.Release|Any CPU.Build.0 = Release|Any CPU
		{A76B1487-95CA-4DCD-94CA-7707BC560F0B}.Debug|Any CPU.ActiveCfg = Debug|Any CPU
		{A76B1487-95CA-4DCD-94CA-7707BC560F0B}.Debug|Any CPU.Build.0 = Debug|Any CPU
		{A76B1487-95CA-4DCD-94CA-7707BC560F0B}.Release|Any CPU.ActiveCfg = Release|Any CPU
		{A76B1487-95CA-4DCD-94CA-7707BC560F0B}.Release|Any CPU.Build.0 = Release|Any CPU
	EndGlobalSection
	GlobalSection(SolutionProperties) = preSolution
		HideSolutionNode = FALSE
	EndGlobalSection
	GlobalSection(ExtensibilityGlobals) = postSolution
		SolutionGuid = {38B07512-08F2-4748-B82D-E5119997B7D4}
	EndGlobalSection
EndGlobal
